
Microsoft Visual Studio Solution File, Format Version 12.00
# Visual Studio Version 17
VisualStudioVersion = 17.9.34607.119
MinimumVisualStudioVersion = 10.0.40219.1
Project("{FAE04EC0-301F-11D3-BF4B-00C04F79EFBC}") = "CustomCalcii", "CustomCalcii.csproj", "{A99D038B-3CC9-4FC9-BFF3-4C5C4A925160}"
EndProject
Global
	GlobalSection(SolutionConfigurationPlatforms) = preSolution
		Debug|Any CPU = Debug|Any CPU
		Release|Any CPU = Release|Any CPU
	EndGlobalSection
	GlobalSection(ProjectConfigurationPlatforms) = postSolution
		{A99D038B-3CC9-4FC9-BFF3-4C5C4A925160}.Debug|Any CPU.ActiveCfg = Debug|Any CPU
		{A99D038B-3CC9-4FC9-BFF3-4C5C4A925160}.Debug|Any CPU.Build.0 = Debug|Any CPU
		{A99D038B-3CC9-4FC9-BFF3-4C5C4A925160}.Release|Any CPU.ActiveCfg = Release|Any CPU
		{A99D038B-3CC9-4FC9-BFF3-4C5C4A925160}.Release|Any CPU.Build.0 = Release|Any CPU
	EndGlobalSection
	GlobalSection(SolutionProperties) = preSolution
		HideSolutionNode = FALSE
	EndGlobalSection
	GlobalSection(ExtensibilityGlobals) = postSolution
		SolutionGuid = {43CBE5D6-E910-453D-8275-EB7E5815FE32}
	EndGlobalSection
EndGlobal
